
Microsoft Visual Studio Solution File, Format Version 12.00
# Visual Studio Version 17
VisualStudioVersion = 17.4.33213.308
MinimumVisualStudioVersion = 10.0.40219.1
Project("{9A19103F-16F7-4668-BE54-9A1E7A4F7556}") = "Web", "Web\Web.csproj", "{81E8BBF2-3867-4967-A796-45C3515D00E7}"
EndProject
Project("{9A19103F-16F7-4668-BE54-9A1E7A4F7556}") = "ApplicationCore", "ApplicationCore\ApplicationCore.csproj", "{3F971AE2-DF13-4347-9115-F271EF2FCB12}"
EndProject
Project("{9A19103F-16F7-4668-BE54-9A1E7A4F7556}") = "Infrastructure", "Infrastructure\Infrastructure.csproj", "{C0600120-9C9F-4FD8-985E-C10ABA15FB3E}"
EndProject
Project("{9A19103F-16F7-4668-BE54-9A1E7A4F7556}") = "UnitTest", "UnitTest\UnitTest.csproj", "{103ACBBC-8892-456B-BD24-B296EFDF8F31}"
EndProject
Project("{FAE04EC0-301F-11D3-BF4B-00C04F79EFBC}") = "BlazorServerApp", "BlazorServerApp\BlazorServerApp.csproj", "{335152FC-C0DE-497A-A6E0-A75BC32E3FB1}"
EndProject
Global
	GlobalSection(SolutionConfigurationPlatforms) = preSolution
		Debug|Any CPU = Debug|Any CPU
		Release|Any CPU = Release|Any CPU
	EndGlobalSection
	GlobalSection(ProjectConfigurationPlatforms) = postSolution
		{81E8BBF2-3867-4967-A796-45C3515D00E7}.Debug|Any CPU.ActiveCfg = Debug|Any CPU
		{81E8BBF2-3867-4967-A796-45C3515D00E7}.Debug|Any CPU.Build.0 = Debug|Any CPU
		{81E8BBF2-3867-4967-A796-45C3515D00E7}.Release|Any CPU.ActiveCfg = Release|Any CPU
		{81E8BBF2-3867-4967-A796-45C3515D00E7}.Release|Any CPU.Build.0 = Release|Any CPU
		{3F971AE2-DF13-4347-9115-F271EF2FCB12}.Debug|Any CPU.ActiveCfg = Debug|Any CPU
		{3F971AE2-DF13-4347-9115-F271EF2FCB12}.Debug|Any CPU.Build.0 = Debug|Any CPU
		{3F971AE2-DF13-4347-9115-F271EF2FCB12}.Release|Any CPU.ActiveCfg = Release|Any CPU
		{3F971AE2-DF13-4347-9115-F271EF2FCB12}.Release|Any CPU.Build.0 = Release|Any CPU
		{C0600120-9C9F-4FD8-985E-C10ABA15FB3E}.Debug|Any CPU.ActiveCfg = Debug|Any CPU
		{C0600120-9C9F-4FD8-985E-C10ABA15FB3E}.Debug|Any CPU.Build.0 = Debug|Any CPU
		{C0600120-9C9F-4FD8-985E-C10ABA15FB3E}.Release|Any CPU.ActiveCfg = Release|Any CPU
		{C0600120-9C9F-4FD8-985E-C10ABA15FB3E}.Release|Any CPU.Build.0 = Release|Any CPU
		{103ACBBC-8892-456B-BD24-B296EFDF8F31}.Debug|Any CPU.ActiveCfg = Debug|Any CPU
		{103ACBBC-8892-456B-BD24-B296EFDF8F31}.Debug|Any CPU.Build.0 = Debug|Any CPU
		{103ACBBC-8892-456B-BD24-B296EFDF8F31}.Release|Any CPU.ActiveCfg = Release|Any CPU
		{103ACBBC-8892-456B-BD24-B296EFDF8F31}.Release|Any CPU.Build.0 = Release|Any CPU
		{335152FC-C0DE-497A-A6E0-A75BC32E3FB1}.Debug|Any CPU.ActiveCfg = Debug|Any CPU
		{335152FC-C0DE-497A-A6E0-A75BC32E3FB1}.Debug|Any CPU.Build.0 = Debug|Any CPU
		{335152FC-C0DE-497A-A6E0-A75BC32E3FB1}.Release|Any CPU.ActiveCfg = Release|Any CPU
		{335152FC-C0DE-497A-A6E0-A75BC32E3FB1}.Release|Any CPU.Build.0 = Release|Any CPU
	EndGlobalSection
	GlobalSection(SolutionProperties) = preSolution
		HideSolutionNode = FALSE
	EndGlobalSection
	GlobalSection(ExtensibilityGlobals) = postSolution
		SolutionGuid = {6AC8B582-3FEB-4473-AFE2-DFD9759D0CF6}
	EndGlobalSection
EndGlobal
